
Microsoft Visual Studio Solution File, Format Version 12.00
# Visual Studio Version 17
VisualStudioVersion = 17.5.33424.131
MinimumVisualStudioVersion = 10.0.40219.1
Project("{9A19103F-16F7-4668-BE54-9A1E7A4F7556}") = "Library2.2", "Library2.2\Library2.2.csproj", "{AA8D35EA-A3BE-454A-8C41-C98EB6E082C1}"
EndProject
Project("{9A19103F-16F7-4668-BE54-9A1E7A4F7556}") = "Domain", "Domain\Domain.csproj", "{F340B7D5-B89D-46F8-B11F-A1118F285363}"
EndProject
Project("{FAE04EC0-301F-11D3-BF4B-00C04F79EFBC}") = "Library.IntegrationTests", "Library.IntegrationTests\Library.IntegrationTests.csproj", "{29D98678-0E2E-498A-94BB-4CB5CDE74EE6}"
EndProject
Global
	GlobalSection(SolutionConfigurationPlatforms) = preSolution
		Debug|Any CPU = Debug|Any CPU
		Release|Any CPU = Release|Any CPU
	EndGlobalSection
	GlobalSection(ProjectConfigurationPlatforms) = postSolution
		{AA8D35EA-A3BE-454A-8C41-C98EB6E082C1}.Debug|Any CPU.ActiveCfg = Debug|Any CPU
		{AA8D35EA-A3BE-454A-8C41-C98EB6E082C1}.Debug|Any CPU.Build.0 = Debug|Any CPU
		{AA8D35EA-A3BE-454A-8C41-C98EB6E082C1}.Release|Any CPU.ActiveCfg = Release|Any CPU
		{AA8D35EA-A3BE-454A-8C41-C98EB6E082C1}.Release|Any CPU.Build.0 = Release|Any CPU
		{F340B7D5-B89D-46F8-B11F-A1118F285363}.Debug|Any CPU.ActiveCfg = Debug|Any CPU
		{F340B7D5-B89D-46F8-B11F-A1118F285363}.Debug|Any CPU.Build.0 = Debug|Any CPU
		{F340B7D5-B89D-46F8-B11F-A1118F285363}.Release|Any CPU.ActiveCfg = Release|Any CPU
		{F340B7D5-B89D-46F8-B11F-A1118F285363}.Release|Any CPU.Build.0 = Release|Any CPU
		{29D98678-0E2E-498A-94BB-4CB5CDE74EE6}.Debug|Any CPU.ActiveCfg = Debug|Any CPU
		{29D98678-0E2E-498A-94BB-4CB5CDE74EE6}.Debug|Any CPU.Build.0 = Debug|Any CPU
		{29D98678-0E2E-498A-94BB-4CB5CDE74EE6}.Release|Any CPU.ActiveCfg = Release|Any CPU
		{29D98678-0E2E-498A-94BB-4CB5CDE74EE6}.Release|Any CPU.Build.0 = Release|Any CPU
	EndGlobalSection
	GlobalSection(SolutionProperties) = preSolution
		HideSolutionNode = FALSE
	EndGlobalSection
	GlobalSection(ExtensibilityGlobals) = postSolution
		SolutionGuid = {C92598A2-AABA-47D9-920F-401F39929E8D}
	EndGlobalSection
EndGlobal
